// !$*UTF8*$!
{
	archiveVersion = 1;
	classes = {
	};
	objectVersion = 46;
	objects = {

/* Begin PBXBuildFile section */
		DA5556AE1F496AAF00D83571 /* main.m in Sources */ = {isa = PBXBuildFile; fileRef = DA5556AD1F496AAF00D83571 /* main.m */; };
		DA5556B11F496AAF00D83571 /* AppDelegate.m in Sources */ = {isa = PBXBuildFile; fileRef = DA5556B01F496AAF00D83571 /* AppDelegate.m */; };
		DA5556B41F496AAF00D83571 /* ViewController.m in Sources */ = {isa = PBXBuildFile; fileRef = DA5556B31F496AAF00D83571 /* ViewController.m */; };
		DA5556B71F496AAF00D83571 /* Main.storyboard in Resources */ = {isa = PBXBuildFile; fileRef = DA5556B51F496AAF00D83571 /* Main.storyboard */; };
		DA5556B91F496AAF00D83571 /* Assets.xcassets in Resources */ = {isa = PBXBuildFile; fileRef = DA5556B81F496AAF00D83571 /* Assets.xcassets */; };
		DA5556BC1F496AAF00D83571 /* LaunchScreen.storyboard in Resources */ = {isa = PBXBuildFile; fileRef = DA5556BA1F496AAF00D83571 /* LaunchScreen.storyboard */; };
		DA5556C71F496AAF00D83571 /* CJLightViewContrillerTests.m in Sources */ = {isa = PBXBuildFile; fileRef = DA5556C61F496AAF00D83571 /* CJLightViewContrillerTests.m */; };
		DA5556D21F496AAF00D83571 /* CJLightViewContrillerUITests.m in Sources */ = {isa = PBXBuildFile; fileRef = DA5556D11F496AAF00D83571 /* CJLightViewContrillerUITests.m */; };
		DA5556E11F496B7E00D83571 /* CJDataSource.m in Sources */ = {isa = PBXBuildFile; fileRef = DA5556E01F496B7E00D83571 /* CJDataSource.m */; };
		DA5556E71F49734E00D83571 /* CJTableViewCell.m in Sources */ = {isa = PBXBuildFile; fileRef = DA5556E61F49734E00D83571 /* CJTableViewCell.m */; };
		DA5556EA1F497E8900D83571 /* CJViewController.m in Sources */ = {isa = PBXBuildFile; fileRef = DA5556E91F497E8900D83571 /* CJViewController.m */; };
		DA5556ED1F497F7C00D83571 /* CJTableViewCell2.m in Sources */ = {isa = PBXBuildFile; fileRef = DA5556EC1F497F7C00D83571 /* CJTableViewCell2.m */; };
/* End PBXBuildFile section */

/* Begin PBXContainerItemProxy section */
		DA5556C31F496AAF00D83571 /* PBXContainerItemProxy */ = {
			isa = PBXContainerItemProxy;
			containerPortal = DA5556A11F496AAF00D83571 /* Project object */;
			proxyType = 1;
			remoteGlobalIDString = DA5556A81F496AAF00D83571;
			remoteInfo = CJLightViewContriller;
		};
		DA5556CE1F496AAF00D83571 /* PBXContainerItemProxy */ = {
			isa = PBXContainerItemProxy;
			containerPortal = DA5556A11F496AAF00D83571 /* Project object */;
			proxyType = 1;
			remoteGlobalIDString = DA5556A81F496AAF00D83571;
			remoteInfo = CJLightViewContriller;
		};
/* End PBXContainerItemProxy section */

/* Begin PBXFileReference section */
		DA5556A91F496AAF00D83571 /* CJLightViewContriller.app */ = {isa = PBXFileReference; explicitFileType = wrapper.application; includeInIndex = 0; path = CJLightViewContriller.app; sourceTree = BUILT_PRODUCTS_DIR; };
		DA5556AD1F496AAF00D83571 /* main.m */ = {isa = PBXFileReference; lastKnownFileType = sourcecode.c.objc; path = main.m; sourceTree = "<group>"; };
		DA5556AF1F496AAF00D83571 /* AppDelegate.h */ = {isa = PBXFileReference; lastKnownFileType = sourcecode.c.h; path = AppDelegate.h; sourceTree = "<group>"; };
		DA5556B01F496AAF00D83571 /* AppDelegate.m */ = {isa = PBXFileReference; lastKnownFileType = sourcecode.c.objc; path = AppDelegate.m; sourceTree = "<group>"; };
		DA5556B21F496AAF00D83571 /* ViewController.h */ = {isa = PBXFileReference; lastKnownFileType = sourcecode.c.h; path = ViewController.h; sourceTree = "<group>"; };
		DA5556B31F496AAF00D83571 /* ViewController.m */ = {isa = PBXFileReference; lastKnownFileType = sourcecode.c.objc; path = ViewController.m; sourceTree = "<group>"; };
		DA5556B61F496AAF00D83571 /* Base */ = {isa = PBXFileReference; lastKnownFileType = file.storyboard; name = Base; path = Base.lproj/Main.storyboard; sourceTree = "<group>"; };
		DA5556B81F496AAF00D83571 /* Assets.xcassets */ = {isa = PBXFileReference; lastKnownFileType = folder.assetcatalog; path = Assets.xcassets; sourceTree = "<group>"; };
		DA5556BB1F496AAF00D83571 /* Base */ = {isa = PBXFileReference; lastKnownFileType = file.storyboard; name = Base; path = Base.lproj/LaunchScreen.storyboard; sourceTree = "<group>"; };
		DA5556BD1F496AAF00D83571 /* Info.plist */ = {isa = PBXFileReference; lastKnownFileType = text.plist.xml; path = Info.plist; sourceTree = "<group>"; };
		DA5556C21F496AAF00D83571 /* CJLightViewContrillerTests.xctest */ = {isa = PBXFileReference; explicitFileType = wrapper.cfbundle; includeInIndex = 0; path = CJLightViewContrillerTests.xctest; sourceTree = BUILT_PRODUCTS_DIR; };
		DA5556C61F496AAF00D83571 /* CJLightViewContrillerTests.m */ = {isa = PBXFileReference; lastKnownFileType = sourcecode.c.objc; path = CJLightViewContrillerTests.m; sourceTree = "<group>"; };
		DA5556C81F496AAF00D83571 /* Info.plist */ = {isa = PBXFileReference; lastKnownFileType = text.plist.xml; path = Info.plist; sourceTree = "<group>"; };
		DA5556CD1F496AAF00D83571 /* CJLightViewContrillerUITests.xctest */ = {isa = PBXFileReference; explicitFileType = wrapper.cfbundle; includeInIndex = 0; path = CJLightViewContrillerUITests.xctest; sourceTree = BUILT_PRODUCTS_DIR; };
		DA5556D11F496AAF00D83571 /* CJLightViewContrillerUITests.m */ = {isa = PBXFileReference; lastKnownFileType = sourcecode.c.objc; path = CJLightViewContrillerUITests.m; sourceTree = "<group>"; };
		DA5556D31F496AAF00D83571 /* Info.plist */ = {isa = PBXFileReference; lastKnownFileType = text.plist.xml; path = Info.plist; sourceTree = "<group>"; };
		DA5556DF1F496B7E00D83571 /* CJDataSource.h */ = {isa = PBXFileReference; fileEncoding = 4; lastKnownFileType = sourcecode.c.h; path = CJDataSource.h; sourceTree = "<group>"; };
		DA5556E01F496B7E00D83571 /* CJDataSource.m */ = {isa = PBXFileReference; fileEncoding = 4; lastKnownFileType = sourcecode.c.objc; path = CJDataSource.m; sourceTree = "<group>"; };
		DA5556E51F49734E00D83571 /* CJTableViewCell.h */ = {isa = PBXFileReference; fileEncoding = 4; lastKnownFileType = sourcecode.c.h; path = CJTableViewCell.h; sourceTree = "<group>"; };
		DA5556E61F49734E00D83571 /* CJTableViewCell.m */ = {isa = PBXFileReference; fileEncoding = 4; lastKnownFileType = sourcecode.c.objc; path = CJTableViewCell.m; sourceTree = "<group>"; };
		DA5556E81F497E8900D83571 /* CJViewController.h */ = {isa = PBXFileReference; fileEncoding = 4; lastKnownFileType = sourcecode.c.h; path = CJViewController.h; sourceTree = "<group>"; };
		DA5556E91F497E8900D83571 /* CJViewController.m */ = {isa = PBXFileReference; fileEncoding = 4; lastKnownFileType = sourcecode.c.objc; path = CJViewController.m; sourceTree = "<group>"; };
		DA5556EB1F497F7C00D83571 /* CJTableViewCell2.h */ = {isa = PBXFileReference; fileEncoding = 4; lastKnownFileType = sourcecode.c.h; path = CJTableViewCell2.h; sourceTree = "<group>"; };
		DA5556EC1F497F7C00D83571 /* CJTableViewCell2.m */ = {isa = PBXFileReference; fileEncoding = 4; lastKnownFileType = sourcecode.c.objc; path = CJTableViewCell2.m; sourceTree = "<group>"; };
/* End PBXFileReference section */

/* Begin PBXFrameworksBuildPhase section */
		DA5556A61F496AAF00D83571 /* Frameworks */ = {
			isa = PBXFrameworksBuildPhase;
			buildActionMask = 2147483647;
			files = (
			);
			runOnlyForDeploymentPostprocessing = 0;
		};
		DA5556BF1F496AAF00D83571 /* Frameworks */ = {
			isa = PBXFrameworksBuildPhase;
			buildActionMask = 2147483647;
			files = (
			);
			runOnlyForDeploymentPostprocessing = 0;
		};
		DA5556CA1F496AAF00D83571 /* Frameworks */ = {
			isa = PBXFrameworksBuildPhase;
			buildActionMask = 2147483647;
			files = (
			);
			runOnlyForDeploymentPostprocessing = 0;
		};
/* End PBXFrameworksBuildPhase section */

/* Begin PBXGroup section */
		DA5556A01F496AAF00D83571 = {
			isa = PBXGroup;
			children = (
				DA5556AB1F496AAF00D83571 /* CJLightViewContriller */,
				DA5556C51F496AAF00D83571 /* CJLightViewContrillerTests */,
				DA5556D01F496AAF00D83571 /* CJLightViewContrillerUITests */,
				DA5556AA1F496AAF00D83571 /* Products */,
			);
			sourceTree = "<group>";
		};
		DA5556AA1F496AAF00D83571 /* Products */ = {
			isa = PBXGroup;
			children = (
				DA5556A91F496AAF00D83571 /* CJLightViewContriller.app */,
				DA5556C21F496AAF00D83571 /* CJLightViewContrillerTests.xctest */,
				DA5556CD1F496AAF00D83571 /* CJLightViewContrillerUITests.xctest */,
			);
			name = Products;
			sourceTree = "<group>";
		};
		DA5556AB1F496AAF00D83571 /* CJLightViewContriller */ = {
			isa = PBXGroup;
			children = (
				DA5556AF1F496AAF00D83571 /* AppDelegate.h */,
				DA5556B01F496AAF00D83571 /* AppDelegate.m */,
				DA5556B21F496AAF00D83571 /* ViewController.h */,
				DA5556B31F496AAF00D83571 /* ViewController.m */,
				DA5556E81F497E8900D83571 /* CJViewController.h */,
				DA5556E91F497E8900D83571 /* CJViewController.m */,
				DA5556DF1F496B7E00D83571 /* CJDataSource.h */,
				DA5556E01F496B7E00D83571 /* CJDataSource.m */,
				DA5556E51F49734E00D83571 /* CJTableViewCell.h */,
				DA5556E61F49734E00D83571 /* CJTableViewCell.m */,
				DA5556EB1F497F7C00D83571 /* CJTableViewCell2.h */,
				DA5556EC1F497F7C00D83571 /* CJTableViewCell2.m */,
				DA5556B51F496AAF00D83571 /* Main.storyboard */,
				DA5556B81F496AAF00D83571 /* Assets.xcassets */,
				DA5556BA1F496AAF00D83571 /* LaunchScreen.storyboard */,
				DA5556BD1F496AAF00D83571 /* Info.plist */,
				DA5556AC1F496AAF00D83571 /* Supporting Files */,
			);
			path = CJLightViewContriller;
			sourceTree = "<group>";
		};
		DA5556AC1F496AAF00D83571 /* Supporting Files */ = {
			isa = PBXGroup;
			children = (
				DA5556AD1F496AAF00D83571 /* main.m */,
			);
			name = "Supporting Files";
			sourceTree = "<group>";
		};
		DA5556C51F496AAF00D83571 /* CJLightViewContrillerTests */ = {
			isa = PBXGroup;
			children = (
				DA5556C61F496AAF00D83571 /* CJLightViewContrillerTests.m */,
				DA5556C81F496AAF00D83571 /* Info.plist */,
			);
			path = CJLightViewContrillerTests;
			sourceTree = "<group>";
		};
		DA5556D01F496AAF00D83571 /* CJLightViewContrillerUITests */ = {
			isa = PBXGroup;
			children = (
				DA5556D11F496AAF00D83571 /* CJLightViewContrillerUITests.m */,
				DA5556D31F496AAF00D83571 /* Info.plist */,
			);
			path = CJLightViewContrillerUITests;
			sourceTree = "<group>";
		};
/* End PBXGroup section */

/* Begin PBXNativeTarget section */
		DA5556A81F496AAF00D83571 /* CJLightViewContriller */ = {
			isa = PBXNativeTarget;
			buildConfigurationList = DA5556D61F496AAF00D83571 /* Build configuration list for PBXNativeTarget "CJLightViewContriller" */;
			buildPhases = (
				DA5556A51F496AAF00D83571 /* Sources */,
				DA5556A61F496AAF00D83571 /* Frameworks */,
				DA5556A71F496AAF00D83571 /* Resources */,
			);
			buildRules = (
			);
			dependencies = (
			);
			name = CJLightViewContriller;
			productName = CJLightViewContriller;
			productReference = DA5556A91F496AAF00D83571 /* CJLightViewContriller.app */;
			productType = "com.apple.product-type.application";
		};
		DA5556C11F496AAF00D83571 /* CJLightViewContrillerTests */ = {
			isa = PBXNativeTarget;
			buildConfigurationList = DA5556D91F496AAF00D83571 /* Build configuration list for PBXNativeTarget "CJLightViewContrillerTests" */;
			buildPhases = (
				DA5556BE1F496AAF00D83571 /* Sources */,
				DA5556BF1F496AAF00D83571 /* Frameworks */,
				DA5556C01F496AAF00D83571 /* Resources */,
			);
			buildRules = (
			);
			dependencies = (
				DA5556C41F496AAF00D83571 /* PBXTargetDependency */,
			);
			name = CJLightViewContrillerTests;
			productName = CJLightViewContrillerTests;
			productReference = DA5556C21F496AAF00D83571 /* CJLightViewContrillerTests.xctest */;
			productType = "com.apple.product-type.bundle.unit-test";
		};
		DA5556CC1F496AAF00D83571 /* CJLightViewContrillerUITests */ = {
			isa = PBXNativeTarget;
			buildConfigurationList = DA5556DC1F496AAF00D83571 /* Build configuration list for PBXNativeTarget "CJLightViewContrillerUITests" */;
			buildPhases = (
				DA5556C91F496AAF00D83571 /* Sources */,
				DA5556CA1F496AAF00D83571 /* Frameworks */,
				DA5556CB1F496AAF00D83571 /* Resources */,
			);
			buildRules = (
			);
			dependencies = (
				DA5556CF1F496AAF00D83571 /* PBXTargetDependency */,
			);
			name = CJLightViewContrillerUITests;
			productName = CJLightViewContrillerUITests;
			productReference = DA5556CD1F496AAF00D83571 /* CJLightViewContrillerUITests.xctest */;
			productType = "com.apple.product-type.bundle.ui-testing";
		};
/* End PBXNativeTarget section */

/* Begin PBXProject section */
		DA5556A11F496AAF00D83571 /* Project object */ = {
			isa = PBXProject;
			attributes = {
				LastUpgradeCheck = 0820;
				TargetAttributes = {
					DA5556A81F496AAF00D83571 = {
						CreatedOnToolsVersion = 8.2.1;
						ProvisioningStyle = Automatic;
					};
					DA5556C11F496AAF00D83571 = {
						CreatedOnToolsVersion = 8.2.1;
						ProvisioningStyle = Automatic;
						TestTargetID = DA5556A81F496AAF00D83571;
					};
					DA5556CC1F496AAF00D83571 = {
						CreatedOnToolsVersion = 8.2.1;
						ProvisioningStyle = Automatic;
						TestTargetID = DA5556A81F496AAF00D83571;
					};
				};
			};
			buildConfigurationList = DA5556A41F496AAF00D83571 /* Build configuration list for PBXProject "CJLightViewContriller" */;
			compatibilityVersion = "Xcode 3.2";
			developmentRegion = English;
			hasScannedForEncodings = 0;
			knownRegions = (
				en,
				Base,
			);
			mainGroup = DA5556A01F496AAF00D83571;
			productRefGroup = DA5556AA1F496AAF00D83571 /* Products */;
			projectDirPath = "";
			projectRoot = "";
			targets = (
				DA5556A81F496AAF00D83571 /* CJLightViewContriller */,
				DA5556C11F496AAF00D83571 /* CJLightViewContrillerTests */,
				DA5556CC1F496AAF00D83571 /* CJLightViewContrillerUITests */,
			);
		};
/* End PBXProject section */

/* Begin PBXResourcesBuildPhase section */
		DA5556A71F496AAF00D83571 /* Resources */ = {
			isa = PBXResourcesBuildPhase;
			buildActionMask = 2147483647;
			files = (
				DA5556BC1F496AAF00D83571 /* LaunchScreen.storyboard in Resources */,
				DA5556B91F496AAF00D83571 /* Assets.xcassets in Resources */,
				DA5556B71F496AAF00D83571 /* Main.storyboard in Resources */,
			);
			runOnlyForDeploymentPostprocessing = 0;
		};
		DA5556C01F496AAF00D83571 /* Resources */ = {
			isa = PBXResourcesBuildPhase;
			buildActionMask = 2147483647;
			files = (
			);
			runOnlyForDeploymentPostprocessing = 0;
		};
		DA5556CB1F496AAF00D83571 /* Resources */ = {
			isa = PBXResourcesBuildPhase;
			buildActionMask = 2147483647;
			files = (
			);
			runOnlyForDeploymentPostprocessing = 0;
		};
/* End PBXResourcesBuildPhase section */

/* Begin PBXSourcesBuildPhase section */
		DA5556A51F496AAF00D83571 /* Sources */ = {
			isa = PBXSourcesBuildPhase;
			buildActionMask = 2147483647;
			files = (
				DA5556B41F496AAF00D83571 /* ViewController.m in Sources */,
				DA5556E11F496B7E00D83571 /* CJDataSource.m in Sources */,
				DA5556ED1F497F7C00D83571 /* CJTableViewCell2.m in Sources */,
				DA5556B11F496AAF00D83571 /* AppDelegate.m in Sources */,
				DA5556AE1F496AAF00D83571 /* main.m in Sources */,
				DA5556E71F49734E00D83571 /* CJTableViewCell.m in Sources */,
				DA5556EA1F497E8900D83571 /* CJViewController.m in Sources */,
			);
			runOnlyForDeploymentPostprocessing = 0;
		};
		DA5556BE1F496AAF00D83571 /* Sources */ = {
			isa = PBXSourcesBuildPhase;
			buildActionMask = 2147483647;
			files = (
				DA5556C71F496AAF00D83571 /* CJLightViewContrillerTests.m in Sources */,
			);
			runOnlyForDeploymentPostprocessing = 0;
		};
		DA5556C91F496AAF00D83571 /* Sources */ = {
			isa = PBXSourcesBuildPhase;
			buildActionMask = 2147483647;
			files = (
				DA5556D21F496AAF00D83571 /* CJLightViewContrillerUITests.m in Sources */,
			);
			runOnlyForDeploymentPostprocessing = 0;
		};
/* End PBXSourcesBuildPhase section */

/* Begin PBXTargetDependency section */
		DA5556C41F496AAF00D83571 /* PBXTargetDependency */ = {
			isa = PBXTargetDependency;
			target = DA5556A81F496AAF00D83571 /* CJLightViewContriller */;
			targetProxy = DA5556C31F496AAF00D83571 /* PBXContainerItemProxy */;
		};
		DA5556CF1F496AAF00D83571 /* PBXTargetDependency */ = {
			isa = PBXTargetDependency;
			target = DA5556A81F496AAF00D83571 /* CJLightViewContriller */;
			targetProxy = DA5556CE1F496AAF00D83571 /* PBXContainerItemProxy */;
		};
/* End PBXTargetDependency section */

/* Begin PBXVariantGroup section */
		DA5556B51F496AAF00D83571 /* Main.storyboard */ = {
			isa = PBXVariantGroup;
			children = (
				DA5556B61F496AAF00D83571 /* Base */,
			);
			name = Main.storyboard;
			sourceTree = "<group>";
		};
		DA5556BA1F496AAF00D83571 /* LaunchScreen.storyboard */ = {
			isa = PBXVariantGroup;
			children = (
				DA5556BB1F496AAF00D83571 /* Base */,
			);
			name = LaunchScreen.storyboard;
			sourceTree = "<group>";
		};
/* End PBXVariantGroup section */

/* Begin XCBuildConfiguration section */
		DA5556D41F496AAF00D83571 /* Debug */ = {
			isa = XCBuildConfiguration;
			buildSettings = {
				ALWAYS_SEARCH_USER_PATHS = NO;
				CLANG_ANALYZER_NONNULL = YES;
				CLANG_CXX_LANGUAGE_STANDARD = "gnu++0x";
				CLANG_CXX_LIBRARY = "libc++";
				CLANG_ENABLE_MODULES = YES;
				CLANG_ENABLE_OBJC_ARC = YES;
				CLANG_WARN_BOOL_CONVERSION = YES;
				CLANG_WARN_CONSTANT_CONVERSION = YES;
				CLANG_WARN_DIRECT_OBJC_ISA_USAGE = YES_ERROR;
				CLANG_WARN_DOCUMENTATION_COMMENTS = YES;
				CLANG_WARN_EMPTY_BODY = YES;
				CLANG_WARN_ENUM_CONVERSION = YES;
				CLANG_WARN_INFINITE_RECURSION = YES;
				CLANG_WARN_INT_CONVERSION = YES;
				CLANG_WARN_OBJC_ROOT_CLASS = YES_ERROR;
				CLANG_WARN_SUSPICIOUS_MOVE = YES;
				CLANG_WARN_UNREACHABLE_CODE = YES;
				CLANG_WARN__DUPLICATE_METHOD_MATCH = YES;
				"CODE_SIGN_IDENTITY[sdk=iphoneos*]" = "iPhone Developer";
				COPY_PHASE_STRIP = NO;
				DEBUG_INFORMATION_FORMAT = dwarf;
				ENABLE_STRICT_OBJC_MSGSEND = YES;
				ENABLE_TESTABILITY = YES;
				GCC_C_LANGUAGE_STANDARD = gnu99;
				GCC_DYNAMIC_NO_PIC = NO;
				GCC_NO_COMMON_BLOCKS = YES;
				GCC_OPTIMIZATION_LEVEL = 0;
				GCC_PREPROCESSOR_DEFINITIONS = (
					"DEBUG=1",
					"$(inherited)",
				);
				GCC_WARN_64_TO_32_BIT_CONVERSION = YES;
				GCC_WARN_ABOUT_RETURN_TYPE = YES_ERROR;
				GCC_WARN_UNDECLARED_SELECTOR = YES;
				GCC_WARN_UNINITIALIZED_AUTOS = YES_AGGRESSIVE;
				GCC_WARN_UNUSED_FUNCTION = YES;
				GCC_WARN_UNUSED_VARIABLE = YES;
				IPHONEOS_DEPLOYMENT_TARGET = 10.2;
				MTL_ENABLE_DEBUG_INFO = YES;
				ONLY_ACTIVE_ARCH = YES;
				SDKROOT = iphoneos;
			};
			name = Debug;
		};
		DA5556D51F496AAF00D83571 /* Release */ = {
			isa = XCBuildConfiguration;
			buildSettings = {
				ALWAYS_SEARCH_USER_PATHS = NO;
				CLANG_ANALYZER_NONNULL = YES;
				CLANG_CXX_LANGUAGE_STANDARD = "gnu++0x";
				CLANG_CXX_LIBRARY = "libc++";
				CLANG_ENABLE_MODULES = YES;
				CLANG_ENABLE_OBJC_ARC = YES;
				CLANG_WARN_BOOL_CONVERSION = YES;
				CLANG_WARN_CONSTANT_CONVERSION = YES;
				CLANG_WARN_DIRECT_OBJC_ISA_USAGE = YES_ERROR;
				CLANG_WARN_DOCUMENTATION_COMMENTS = YES;
				CLANG_WARN_EMPTY_BODY = YES;
				CLANG_WARN_ENUM_CONVERSION = YES;
				CLANG_WARN_INFINITE_RECURSION = YES;
				CLANG_WARN_INT_CONVERSION = YES;
				CLANG_WARN_OBJC_ROOT_CLASS = YES_ERROR;
				CLANG_WARN_SUSPICIOUS_MOVE = YES;
				CLANG_WARN_UNREACHABLE_CODE = YES;
				CLANG_WARN__DUPLICATE_METHOD_MATCH = YES;
				"CODE_SIGN_IDENTITY[sdk=iphoneos*]" = "iPhone Developer";
				COPY_PHASE_STRIP = NO;
				DEBUG_INFORMATION_FORMAT = "dwarf-with-dsym";
				ENABLE_NS_ASSERTIONS = NO;
				ENABLE_STRICT_OBJC_MSGSEND = YES;
				GCC_C_LANGUAGE_STANDARD = gnu99;
				GCC_NO_COMMON_BLOCKS = YES;
				GCC_WARN_64_TO_32_BIT_CONVERSION = YES;
				GCC_WARN_ABOUT_RETURN_TYPE = YES_ERROR;
				GCC_WARN_UNDECLARED_SELECTOR = YES;
				GCC_WARN_UNINITIALIZED_AUTOS = YES_AGGRESSIVE;
				GCC_WARN_UNUSED_FUNCTION = YES;
				GCC_WARN_UNUSED_VARIABLE = YES;
				IPHONEOS_DEPLOYMENT_TARGET = 10.2;
				MTL_ENABLE_DEBUG_INFO = NO;
				SDKROOT = iphoneos;
				VALIDATE_PRODUCT = YES;
			};
			name = Release;
		};
		DA5556D71F496AAF00D83571 /* Debug */ = {
			isa = XCBuildConfiguration;
			buildSettings = {
				ASSETCATALOG_COMPILER_APPICON_NAME = AppIcon;
				INFOPLIST_FILE = CJLightViewContriller/Info.plist;
				LD_RUNPATH_SEARCH_PATHS = "$(inherited) @executable_path/Frameworks";
				PRODUCT_BUNDLE_IDENTIFIER = CJ.CJLightViewContriller;
				PRODUCT_NAME = "$(TARGET_NAME)";
			};
			name = Debug;
		};
		DA5556D81F496AAF00D83571 /* Release */ = {
			isa = XCBuildConfiguration;
			buildSettings = {
				ASSETCATALOG_COMPILER_APPICON_NAME = AppIcon;
				INFOPLIST_FILE = CJLightViewContriller/Info.plist;
				LD_RUNPATH_SEARCH_PATHS = "$(inherited) @executable_path/Frameworks";
				PRODUCT_BUNDLE_IDENTIFIER = CJ.CJLightViewContriller;
				PRODUCT_NAME = "$(TARGET_NAME)";
			};
			name = Release;
		};
		DA5556DA1F496AAF00D83571 /* Debug */ = {
			isa = XCBuildConfiguration;
			buildSettings = {
				BUNDLE_LOADER = "$(TEST_HOST)";
				INFOPLIST_FILE = CJLightViewContrillerTests/Info.plist;
				LD_RUNPATH_SEARCH_PATHS = "$(inherited) @executable_path/Frameworks @loader_path/Frameworks";
				PRODUCT_BUNDLE_IDENTIFIER = CJ.CJLightViewContrillerTests;
				PRODUCT_NAME = "$(TARGET_NAME)";
				TEST_HOST = "$(BUILT_PRODUCTS_DIR)/CJLightViewContriller.app/CJLightViewContriller";
			};
			name = Debug;
		};
		DA5556DB1F496AAF00D83571 /* Release */ = {
			isa = XCBuildConfiguration;
			buildSettings = {
				BUNDLE_LOADER = "$(TEST_HOST)";
				INFOPLIST_FILE = CJLightViewContrillerTests/Info.plist;
				LD_RUNPATH_SEARCH_PATHS = "$(inherited) @executable_path/Frameworks @loader_path/Frameworks";
				PRODUCT_BUNDLE_IDENTIFIER = CJ.CJLightViewContrillerTests;
				PRODUCT_NAME = "$(TARGET_NAME)";
				TEST_HOST = "$(BUILT_PRODUCTS_DIR)/CJLightViewContriller.app/CJLightViewContriller";
			};
			name = Release;
		};
		DA5556DD1F496AAF00D83571 /* Debug */ = {
			isa = XCBuildConfiguration;
			buildSettings = {
				INFOPLIST_FILE = CJLightViewContrillerUITests/Info.plist;
				LD_RUNPATH_SEARCH_PATHS = "$(inherited) @executable_path/Frameworks @loader_path/Frameworks";
				PRODUCT_BUNDLE_IDENTIFIER = CJ.CJLightViewContrillerUITests;
				PRODUCT_NAME = "$(TARGET_NAME)";
				TEST_TARGET_NAME = CJLightViewContriller;
			};
			name = Debug;
		};
		DA5556DE1F496AAF00D83571 /* Release */ = {
			isa = XCBuildConfiguration;
			buildSettings = {
				INFOPLIST_FILE = CJLightViewContrillerUITests/Info.plist;
				LD_RUNPATH_SEARCH_PATHS = "$(inherited) @executable_path/Frameworks @loader_path/Frameworks";
				PRODUCT_BUNDLE_IDENTIFIER = CJ.CJLightViewContrillerUITests;
				PRODUCT_NAME = "$(TARGET_NAME)";
				TEST_TARGET_NAME = CJLightViewContriller;
			};
			name = Release;
		};
/* End XCBuildConfiguration section */

/* Begin XCConfigurationList section */
		DA5556A41F496AAF00D83571 /* Build configuration list for PBXProject "CJLightViewContriller" */ = {
			isa = XCConfigurationList;
			buildConfigurations = (
				DA5556D41F496AAF00D83571 /* Debug */,
				DA5556D51F496AAF00D83571 /* Release */,
			);
			defaultConfigurationIsVisible = 0;
			defaultConfigurationName = Release;
		};
		DA5556D61F496AAF00D83571 /* Build configuration list for PBXNativeTarget "CJLightViewContriller" */ = {
			isa = XCConfigurationList;
			buildConfigurations = (
				DA5556D71F496AAF00D83571 /* Debug */,
				DA5556D81F496AAF00D83571 /* Release */,
			);
			defaultConfigurationIsVisible = 0;
		};
		DA5556D91F496AAF00D83571 /* Build configuration list for PBXNativeTarget "CJLightViewContrillerTests" */ = {
			isa = XCConfigurationList;
			buildConfigurations = (
				DA5556DA1F496AAF00D83571 /* Debug */,
				DA5556DB1F496AAF00D83571 /* Release */,
			);
			defaultConfigurationIsVisible = 0;
		};
		DA5556DC1F496AAF00D83571 /* Build configuration list for PBXNativeTarget "CJLightViewContrillerUITests" */ = {
			isa = XCConfigurationList;
			buildConfigurations = (
				DA5556DD1F496AAF00D83571 /* Debug */,
				DA5556DE1F496AAF00D83571 /* Release */,
			);
			defaultConfigurationIsVisible = 0;
		};
/* End XCConfigurationList section */
	};
	rootObject = DA5556A11F496AAF00D83571 /* Project object */;
}
